
Microsoft Visual Studio Solution File, Format Version 12.00
Project("{FAE04EC0-301F-11D3-BF4B-00C04F79EFBC}") = "Universitetssystem_oblg", "Universitetssystem_oblg\Universitetssystem_oblg.csproj", "{D973D2FB-885D-4A3F-8522-16BBD5F1A735}"
EndProject
Project("{FAE04EC0-301F-11D3-BF4B-00C04F79EFBC}") = "Universitetssystem_oblg.Tests", "Universitetssystem_oblg.Tests\Universitetssystem_oblg.Tests.csproj", "{7201828E-C5C6-47B4-A5AC-97389E08FD84}"
EndProject
Global
	GlobalSection(SolutionConfigurationPlatforms) = preSolution
		Debug|Any CPU = Debug|Any CPU
		Debug|x64 = Debug|x64
		Debug|x86 = Debug|x86
		Release|Any CPU = Release|Any CPU
		Release|x64 = Release|x64
		Release|x86 = Release|x86
	EndGlobalSection
	GlobalSection(ProjectConfigurationPlatforms) = postSolution
		{D973D2FB-885D-4A3F-8522-16BBD5F1A735}.Debug|Any CPU.ActiveCfg = Debug|Any CPU
		{D973D2FB-885D-4A3F-8522-16BBD5F1A735}.Debug|Any CPU.Build.0 = Debug|Any CPU
		{D973D2FB-885D-4A3F-8522-16BBD5F1A735}.Debug|x64.ActiveCfg = Debug|Any CPU
		{D973D2FB-885D-4A3F-8522-16BBD5F1A735}.Debug|x64.Build.0 = Debug|Any CPU
		{D973D2FB-885D-4A3F-8522-16BBD5F1A735}.Debug|x86.ActiveCfg = Debug|Any CPU
		{D973D2FB-885D-4A3F-8522-16BBD5F1A735}.Debug|x86.Build.0 = Debug|Any CPU
		{D973D2FB-885D-4A3F-8522-16BBD5F1A735}.Release|Any CPU.ActiveCfg = Release|Any CPU
		{D973D2FB-885D-4A3F-8522-16BBD5F1A735}.Release|Any CPU.Build.0 = Release|Any CPU
		{D973D2FB-885D-4A3F-8522-16BBD5F1A735}.Release|x64.ActiveCfg = Release|Any CPU
		{D973D2FB-885D-4A3F-8522-16BBD5F1A735}.Release|x64.Build.0 = Release|Any CPU
		{D973D2FB-885D-4A3F-8522-16BBD5F1A735}.Release|x86.ActiveCfg = Release|Any CPU
		{D973D2FB-885D-4A3F-8522-16BBD5F1A735}.Release|x86.Build.0 = Release|Any CPU
		{7201828E-C5C6-47B4-A5AC-97389E08FD84}.Debug|Any CPU.ActiveCfg = Debug|Any CPU
		{7201828E-C5C6-47B4-A5AC-97389E08FD84}.Debug|Any CPU.Build.0 = Debug|Any CPU
		{7201828E-C5C6-47B4-A5AC-97389E08FD84}.Debug|x64.ActiveCfg = Debug|Any CPU
		{7201828E-C5C6-47B4-A5AC-97389E08FD84}.Debug|x64.Build.0 = Debug|Any CPU
		{7201828E-C5C6-47B4-A5AC-97389E08FD84}.Debug|x86.ActiveCfg = Debug|Any CPU
		{7201828E-C5C6-47B4-A5AC-97389E08FD84}.Debug|x86.Build.0 = Debug|Any CPU
		{7201828E-C5C6-47B4-A5AC-97389E08FD84}.Release|Any CPU.ActiveCfg = Release|Any CPU
		{7201828E-C5C6-47B4-A5AC-97389E08FD84}.Release|Any CPU.Build.0 = Release|Any CPU
		{7201828E-C5C6-47B4-A5AC-97389E08FD84}.Release|x64.ActiveCfg = Release|Any CPU
		{7201828E-C5C6-47B4-A5AC-97389E08FD84}.Release|x64.Build.0 = Release|Any CPU
		{7201828E-C5C6-47B4-A5AC-97389E08FD84}.Release|x86.ActiveCfg = Release|Any CPU
		{7201828E-C5C6-47B4-A5AC-97389E08FD84}.Release|x86.Build.0 = Release|Any CPU
	EndGlobalSection
	GlobalSection(SolutionProperties) = preSolution
		HideSolutionNode = FALSE
	EndGlobalSection
EndGlobal
